# This file is automatically @generated by Cargo.
# It is not intended for manual editing.
version = 3

[[package]]
name = "cudarc"
version = "0.9.11"
source = "registry+https://github.com/rust-lang/crates.io-index"
checksum = "ea3391c4f99552525128ee86781e0c2cc48643ca0a69a37d59a078f42ace6b67"

[[package]]
name = "inf_an"
version = "0.1.0"
dependencies = [
 "cudarc",
]
